
Microsoft Visual Studio Solution File, Format Version 12.00
# Visual Studio Version 17
VisualStudioVersion = 17.1.32228.430
MinimumVisualStudioVersion = 10.0.40219.1
Project("{9A19103F-16F7-4668-BE54-9A1E7A4F7556}") = "MultiDimensionsHierarchies", "MultiDimensionsHierarchies\MultiDimensionsHierarchies.csproj", "{9701A95F-6272-4438-AA89-41A99BD02E81}"
EndProject
Project("{9A19103F-16F7-4668-BE54-9A1E7A4F7556}") = "TestMultiDimensionsHierarchies", "TestMultiDimensionsHierarchies\TestMultiDimensionsHierarchies.csproj", "{405C29F7-D7C7-4CB6-A3D4-A047A74871CD}"
EndProject
Project("{9A19103F-16F7-4668-BE54-9A1E7A4F7556}") = "Demo", "Demo\Demo.csproj", "{E4C4EA39-5E0A-48EC-B921-E9B242EF6BA6}"
EndProject
Project("{FAE04EC0-301F-11D3-BF4B-00C04F79EFBC}") = "Benchmark", "Benchmark\Benchmark.csproj", "{C0B1B1A8-CA2F-4D62-A1F9-ED463BC3C327}"
EndProject
Global
	GlobalSection(SolutionConfigurationPlatforms) = preSolution
		Debug|Any CPU = Debug|Any CPU
		Release|Any CPU = Release|Any CPU
	EndGlobalSection
	GlobalSection(ProjectConfigurationPlatforms) = postSolution
		{9701A95F-6272-4438-AA89-41A99BD02E81}.Debug|Any CPU.ActiveCfg = Debug|Any CPU
		{9701A95F-6272-4438-AA89-41A99BD02E81}.Debug|Any CPU.Build.0 = Debug|Any CPU
		{9701A95F-6272-4438-AA89-41A99BD02E81}.Release|Any CPU.ActiveCfg = Release|Any CPU
		{9701A95F-6272-4438-AA89-41A99BD02E81}.Release|Any CPU.Build.0 = Release|Any CPU
		{405C29F7-D7C7-4CB6-A3D4-A047A74871CD}.Debug|Any CPU.ActiveCfg = Debug|Any CPU
		{405C29F7-D7C7-4CB6-A3D4-A047A74871CD}.Debug|Any CPU.Build.0 = Debug|Any CPU
		{405C29F7-D7C7-4CB6-A3D4-A047A74871CD}.Release|Any CPU.ActiveCfg = Release|Any CPU
		{405C29F7-D7C7-4CB6-A3D4-A047A74871CD}.Release|Any CPU.Build.0 = Release|Any CPU
		{E4C4EA39-5E0A-48EC-B921-E9B242EF6BA6}.Debug|Any CPU.ActiveCfg = Debug|Any CPU
		{E4C4EA39-5E0A-48EC-B921-E9B242EF6BA6}.Debug|Any CPU.Build.0 = Debug|Any CPU
		{E4C4EA39-5E0A-48EC-B921-E9B242EF6BA6}.Release|Any CPU.ActiveCfg = Release|Any CPU
		{E4C4EA39-5E0A-48EC-B921-E9B242EF6BA6}.Release|Any CPU.Build.0 = Release|Any CPU
		{C0B1B1A8-CA2F-4D62-A1F9-ED463BC3C327}.Debug|Any CPU.ActiveCfg = Debug|Any CPU
		{C0B1B1A8-CA2F-4D62-A1F9-ED463BC3C327}.Debug|Any CPU.Build.0 = Debug|Any CPU
		{C0B1B1A8-CA2F-4D62-A1F9-ED463BC3C327}.Release|Any CPU.ActiveCfg = Release|Any CPU
		{C0B1B1A8-CA2F-4D62-A1F9-ED463BC3C327}.Release|Any CPU.Build.0 = Release|Any CPU
	EndGlobalSection
	GlobalSection(SolutionProperties) = preSolution
		HideSolutionNode = FALSE
	EndGlobalSection
	GlobalSection(ExtensibilityGlobals) = postSolution
		SolutionGuid = {C88303C2-B7EE-4274-A2F5-568439AF5859}
	EndGlobalSection
EndGlobal
